
Microsoft Visual Studio Solution File, Format Version 12.00
# Visual Studio 16
Project("{FAE04EC0-301F-11D3-BF4B-00C04F79EFBC}") = "Scripts", "Scripts.csproj", "{299704DC-8A7C-1A9A-5A8C-A662AEAE02CE}"
EndProject
Project("{FAE04EC0-301F-11D3-BF4B-00C04F79EFBC}") = "Tests", "Tests.csproj", "{606931BF-567A-2E1C-0B52-AFED3FC93BB2}"
EndProject
Global
	GlobalSection(SolutionConfigurationPlatforms) = preSolution
		Debug|Any CPU = Debug|Any CPU
		Release|Any CPU = Release|Any CPU
	EndGlobalSection
	GlobalSection(ProjectConfigurationPlatforms) = postSolution
		{299704DC-8A7C-1A9A-5A8C-A662AEAE02CE}.Debug|Any CPU.ActiveCfg = Debug|Any CPU
		{299704DC-8A7C-1A9A-5A8C-A662AEAE02CE}.Debug|Any CPU.Build.0 = Debug|Any CPU
		{299704DC-8A7C-1A9A-5A8C-A662AEAE02CE}.Release|Any CPU.ActiveCfg = Release|Any CPU
		{299704DC-8A7C-1A9A-5A8C-A662AEAE02CE}.Release|Any CPU.Build.0 = Release|Any CPU
		{606931BF-567A-2E1C-0B52-AFED3FC93BB2}.Debug|Any CPU.ActiveCfg = Debug|Any CPU
		{606931BF-567A-2E1C-0B52-AFED3FC93BB2}.Debug|Any CPU.Build.0 = Debug|Any CPU
		{606931BF-567A-2E1C-0B52-AFED3FC93BB2}.Release|Any CPU.ActiveCfg = Release|Any CPU
		{606931BF-567A-2E1C-0B52-AFED3FC93BB2}.Release|Any CPU.Build.0 = Release|Any CPU
	EndGlobalSection
	GlobalSection(SolutionProperties) = preSolution
		HideSolutionNode = FALSE
	EndGlobalSection
EndGlobal
